Microsoft Visual Studio Solution File, Format Version 11.00
# Visual Studio 2008

Project("{08767507-F80B-AF5D-C694-BE0FE205B9EC}") = "Dunwich HorrorV01F", "Assembly-CSharp-firstpass-vs.csproj", "{41D63D2C-5DC4-8668-1EEB-D8286CF7591D}"
EndProject
Project("{08767507-F80B-AF5D-C694-BE0FE205B9EC}") = "Dunwich HorrorV01F", "Assembly-CSharp-vs.csproj", "{70251972-85A4-367B-E314-66D854A09919}"
EndProject
Project("{08767507-F80B-AF5D-C694-BE0FE205B9EC}") = "Dunwich HorrorV01F", "Assembly-CSharp-Editor-vs.csproj", "{2EF62584-159E-E7F6-8720-0A39FFC5D5A6}"
EndProject
Global
	GlobalSection(SolutionConfigurationPlatforms) = preSolution
		Debug|Any CPU = Debug|Any CPU
		Release|Any CPU = Release|Any CPU
	EndGlobalSection
	GlobalSection(ProjectConfigurationPlatforms) = postSolution
		{41D63D2C-5DC4-8668-1EEB-D8286CF7591D}.Debug|Any CPU.ActiveCfg = Debug|Any CPU
		{41D63D2C-5DC4-8668-1EEB-D8286CF7591D}.Debug|Any CPU.Build.0 = Debug|Any CPU
		{41D63D2C-5DC4-8668-1EEB-D8286CF7591D}.Release|Any CPU.ActiveCfg = Release|Any CPU
		{41D63D2C-5DC4-8668-1EEB-D8286CF7591D}.Release|Any CPU.Build.0 = Release|Any CPU
		{70251972-85A4-367B-E314-66D854A09919}.Debug|Any CPU.ActiveCfg = Debug|Any CPU
		{70251972-85A4-367B-E314-66D854A09919}.Debug|Any CPU.Build.0 = Debug|Any CPU
		{70251972-85A4-367B-E314-66D854A09919}.Release|Any CPU.ActiveCfg = Release|Any CPU
		{70251972-85A4-367B-E314-66D854A09919}.Release|Any CPU.Build.0 = Release|Any CPU
		{2EF62584-159E-E7F6-8720-0A39FFC5D5A6}.Debug|Any CPU.ActiveCfg = Debug|Any CPU
		{2EF62584-159E-E7F6-8720-0A39FFC5D5A6}.Debug|Any CPU.Build.0 = Debug|Any CPU
		{2EF62584-159E-E7F6-8720-0A39FFC5D5A6}.Release|Any CPU.ActiveCfg = Release|Any CPU
		{2EF62584-159E-E7F6-8720-0A39FFC5D5A6}.Release|Any CPU.Build.0 = Release|Any CPU
	EndGlobalSection
	GlobalSection(SolutionProperties) = preSolution
		HideSolutionNode = FALSE
	EndGlobalSection
																																																			GlobalSection(MonoDevelopProperties) = preSolution
		StartupItem = Assembly-CSharp.csproj
		Policies = $0
		$0.TextStylePolicy = $1
		$1.inheritsSet = null
		$1.scope = text/x-csharp
		$0.CSharpFormattingPolicy = $2
		$2.inheritsSet = Mono
		$2.inheritsScope = text/x-csharp
		$2.scope = text/x-csharp
		$0.TextStylePolicy = $3
		$3.FileWidth = 120
		$3.TabWidth = 4
		$3.IndentWidth = 4
		$3.EolMarker = Unix
		$3.inheritsSet = Mono
		$3.inheritsScope = text/plain
		$3.scope = text/plain
	EndGlobalSection

EndGlobal
