
Microsoft Visual Studio Solution File, Format Version 12.00
# Visual Studio 2015
Project("{FAE04EC0-301F-11D3-BF4B-00C04F79EFBC}") = "Database Tester.CSharp", "Database Tester.CSharp.csproj", "{B54FC610-4A42-F512-0573-E095D35511D8}"
EndProject
Global
	GlobalSection(SolutionConfigurationPlatforms) = preSolution
		Debug|Any CPU = Debug|Any CPU
		Release|Any CPU = Release|Any CPU
	EndGlobalSection
	GlobalSection(ProjectConfigurationPlatforms) = postSolution
		{B54FC610-4A42-F512-0573-E095D35511D8}.Debug|Any CPU.ActiveCfg = Debug|Any CPU
		{B54FC610-4A42-F512-0573-E095D35511D8}.Debug|Any CPU.Build.0 = Debug|Any CPU
		{B54FC610-4A42-F512-0573-E095D35511D8}.Release|Any CPU.ActiveCfg = Release|Any CPU
		{B54FC610-4A42-F512-0573-E095D35511D8}.Release|Any CPU.Build.0 = Release|Any CPU
	EndGlobalSection
	GlobalSection(SolutionProperties) = preSolution
		HideSolutionNode = FALSE
	EndGlobalSection
EndGlobal
