
Microsoft Visual Studio Solution File, Format Version 12.00
# Visual Studio 2015
Project("{FAE04EC0-301F-11D3-BF4B-00C04F79EFBC}") = "HeatMapV01B.CSharp", "HeatMapV01B.CSharp.csproj", "{2642D057-5258-744F-963E-347FB8BBE816}"
EndProject
Global
	GlobalSection(SolutionConfigurationPlatforms) = preSolution
		Debug|Any CPU = Debug|Any CPU
		Release|Any CPU = Release|Any CPU
	EndGlobalSection
	GlobalSection(ProjectConfigurationPlatforms) = postSolution
		{2642D057-5258-744F-963E-347FB8BBE816}.Debug|Any CPU.ActiveCfg = Debug|Any CPU
		{2642D057-5258-744F-963E-347FB8BBE816}.Debug|Any CPU.Build.0 = Debug|Any CPU
		{2642D057-5258-744F-963E-347FB8BBE816}.Release|Any CPU.ActiveCfg = Release|Any CPU
		{2642D057-5258-744F-963E-347FB8BBE816}.Release|Any CPU.Build.0 = Release|Any CPU
	EndGlobalSection
	GlobalSection(SolutionProperties) = preSolution
		HideSolutionNode = FALSE
	EndGlobalSection
EndGlobal
